// !$*UTF8*$!
{
	archiveVersion = 1;
	classes = {
	};
	objectVersion = 50;
	objects = {

/* Begin PBXBuildFile section */
		9331206B25AC3A0E009E9760 /* NicknameViewController.swift in Sources */ = {isa = PBXBuildFile; fileRef = 9331206A25AC3A0E009E9760 /* NicknameViewController.swift */; };
		9337386925A177370041D54B /* ResultViewController.swift in Sources */ = {isa = PBXBuildFile; fileRef = 9337386825A177370041D54B /* ResultViewController.swift */; };
		9337386E25A177740041D54B /* ScoreViewController.swift in Sources */ = {isa = PBXBuildFile; fileRef = 9337386D25A177740041D54B /* ScoreViewController.swift */; };
		9344B37E25B17FC900AFDC64 /* NanumSquareRoundB.ttf in Resources */ = {isa = PBXBuildFile; fileRef = 9344B37A25B17FC900AFDC64 /* NanumSquareRoundB.ttf */; };
		9344B37F25B17FC900AFDC64 /* NanumSquareRoundR.ttf in Resources */ = {isa = PBXBuildFile; fileRef = 9344B37B25B17FC900AFDC64 /* NanumSquareRoundR.ttf */; };
		9344B38025B17FC900AFDC64 /* NanumSquareRoundL.ttf in Resources */ = {isa = PBXBuildFile; fileRef = 9344B37C25B17FC900AFDC64 /* NanumSquareRoundL.ttf */; };
		9344B38125B17FC900AFDC64 /* NanumSquareRoundEB.ttf in Resources */ = {isa = PBXBuildFile; fileRef = 9344B37D25B17FC900AFDC64 /* NanumSquareRoundEB.ttf */; };
		937C495425AC391700797DE2 /* PhoneCheckViewController.swift in Sources */ = {isa = PBXBuildFile; fileRef = 937C495325AC391700797DE2 /* PhoneCheckViewController.swift */; };
		9386A028259EBC49009F79AE /* RoundButton.swift in Sources */ = {isa = PBXBuildFile; fileRef = 9386A027259EBC49009F79AE /* RoundButton.swift */; };
		93E49BCC25A16CAE00E53712 /* StartViewController.swift in Sources */ = {isa = PBXBuildFile; fileRef = 93E49BCB25A16CAE00E53712 /* StartViewController.swift */; };
		93E49BD125A16F2D00E53712 /* SelectViewController.swift in Sources */ = {isa = PBXBuildFile; fileRef = 93E49BD025A16F2D00E53712 /* SelectViewController.swift */; };
		93E49BD525A1700500E53712 /* GameViewController.swift in Sources */ = {isa = PBXBuildFile; fileRef = 93E49BD425A1700500E53712 /* GameViewController.swift */; };
		93E72FD6259D715800109C9E /* AppDelegate.swift in Sources */ = {isa = PBXBuildFile; fileRef = 93E72FD5259D715800109C9E /* AppDelegate.swift */; };
		93E72FD8259D715800109C9E /* SceneDelegate.swift in Sources */ = {isa = PBXBuildFile; fileRef = 93E72FD7259D715800109C9E /* SceneDelegate.swift */; };
		93E72FDA259D715800109C9E /* MainViewController.swift in Sources */ = {isa = PBXBuildFile; fileRef = 93E72FD9259D715800109C9E /* MainViewController.swift */; };
		93E72FDD259D715800109C9E /* Main.storyboard in Resources */ = {isa = PBXBuildFile; fileRef = 93E72FDB259D715800109C9E /* Main.storyboard */; };
		93E72FDF259D715900109C9E /* Assets.xcassets in Resources */ = {isa = PBXBuildFile; fileRef = 93E72FDE259D715900109C9E /* Assets.xcassets */; };
		93E72FE2259D715900109C9E /* LaunchScreen.storyboard in Resources */ = {isa = PBXBuildFile; fileRef = 93E72FE0259D715900109C9E /* LaunchScreen.storyboard */; };
		93F1228F25A0C3DD001F63A8 /* MyCustomView.swift in Sources */ = {isa = PBXBuildFile; fileRef = 93F1228E25A0C3DD001F63A8 /* MyCustomView.swift */; };
/* End PBXBuildFile section */

/* Begin PBXFileReference section */
		9331206A25AC3A0E009E9760 /* NicknameViewController.swift */ = {isa = PBXFileReference; lastKnownFileType = sourcecode.swift; path = NicknameViewController.swift; sourceTree = "<group>"; };
		9337386825A177370041D54B /* ResultViewController.swift */ = {isa = PBXFileReference; lastKnownFileType = sourcecode.swift; path = ResultViewController.swift; sourceTree = "<group>"; };
		9337386D25A177740041D54B /* ScoreViewController.swift */ = {isa = PBXFileReference; lastKnownFileType = sourcecode.swift; path = ScoreViewController.swift; sourceTree = "<group>"; };
		9344B37A25B17FC900AFDC64 /* NanumSquareRoundB.ttf */ = {isa = PBXFileReference; lastKnownFileType = file; path = NanumSquareRoundB.ttf; sourceTree = "<group>"; };
		9344B37B25B17FC900AFDC64 /* NanumSquareRoundR.ttf */ = {isa = PBXFileReference; lastKnownFileType = file; path = NanumSquareRoundR.ttf; sourceTree = "<group>"; };
		9344B37C25B17FC900AFDC64 /* NanumSquareRoundL.ttf */ = {isa = PBXFileReference; lastKnownFileType = file; path = NanumSquareRoundL.ttf; sourceTree = "<group>"; };
		9344B37D25B17FC900AFDC64 /* NanumSquareRoundEB.ttf */ = {isa = PBXFileReference; lastKnownFileType = file; path = NanumSquareRoundEB.ttf; sourceTree = "<group>"; };
		937C495325AC391700797DE2 /* PhoneCheckViewController.swift */ = {isa = PBXFileReference; lastKnownFileType = sourcecode.swift; path = PhoneCheckViewController.swift; sourceTree = "<group>"; };
		9386A027259EBC49009F79AE /* RoundButton.swift */ = {isa = PBXFileReference; lastKnownFileType = sourcecode.swift; path = RoundButton.swift; sourceTree = "<group>"; };
		93E49BCB25A16CAE00E53712 /* StartViewController.swift */ = {isa = PBXFileReference; lastKnownFileType = sourcecode.swift; path = StartViewController.swift; sourceTree = "<group>"; };
		93E49BD025A16F2D00E53712 /* SelectViewController.swift */ = {isa = PBXFileReference; lastKnownFileType = sourcecode.swift; path = SelectViewController.swift; sourceTree = "<group>"; };
		93E49BD425A1700500E53712 /* GameViewController.swift */ = {isa = PBXFileReference; lastKnownFileType = sourcecode.swift; path = GameViewController.swift; sourceTree = "<group>"; };
		93E72FD2259D715800109C9E /* Tadak_design.app */ = {isa = PBXFileReference; explicitFileType = wrapper.application; includeInIndex = 0; path = Tadak_design.app; sourceTree = BUILT_PRODUCTS_DIR; };
		93E72FD5259D715800109C9E /* AppDelegate.swift */ = {isa = PBXFileReference; lastKnownFileType = sourcecode.swift; path = AppDelegate.swift; sourceTree = "<group>"; };
		93E72FD7259D715800109C9E /* SceneDelegate.swift */ = {isa = PBXFileReference; lastKnownFileType = sourcecode.swift; path = SceneDelegate.swift; sourceTree = "<group>"; };
		93E72FD9259D715800109C9E /* MainViewController.swift */ = {isa = PBXFileReference; lastKnownFileType = sourcecode.swift; path = MainViewController.swift; sourceTree = "<group>"; };
		93E72FDC259D715800109C9E /* Base */ = {isa = PBXFileReference; lastKnownFileType = file.storyboard; name = Base; path = Base.lproj/Main.storyboard; sourceTree = "<group>"; };
		93E72FDE259D715900109C9E /* Assets.xcassets */ = {isa = PBXFileReference; lastKnownFileType = folder.assetcatalog; path = Assets.xcassets; sourceTree = "<group>"; };
		93E72FE1259D715900109C9E /* Base */ = {isa = PBXFileReference; lastKnownFileType = file.storyboard; name = Base; path = Base.lproj/LaunchScreen.storyboard; sourceTree = "<group>"; };
		93E72FE3259D715900109C9E /* Info.plist */ = {isa = PBXFileReference; lastKnownFileType = text.plist.xml; path = Info.plist; sourceTree = "<group>"; };
		93F1228E25A0C3DD001F63A8 /* MyCustomView.swift */ = {isa = PBXFileReference; lastKnownFileType = sourcecode.swift; path = MyCustomView.swift; sourceTree = "<group>"; };
/* End PBXFileReference section */

/* Begin PBXFrameworksBuildPhase section */
		93E72FCF259D715800109C9E /* Frameworks */ = {
			isa = PBXFrameworksBuildPhase;
			buildActionMask = 2147483647;
			files = (
			);
			runOnlyForDeploymentPostprocessing = 0;
		};
/* End PBXFrameworksBuildPhase section */

/* Begin PBXGroup section */
		9344B36F25B17F2E00AFDC64 /* fonts */ = {
			isa = PBXGroup;
			children = (
				9344B37A25B17FC900AFDC64 /* NanumSquareRoundB.ttf */,
				9344B37D25B17FC900AFDC64 /* NanumSquareRoundEB.ttf */,
				9344B37C25B17FC900AFDC64 /* NanumSquareRoundL.ttf */,
				9344B37B25B17FC900AFDC64 /* NanumSquareRoundR.ttf */,
			);
			path = fonts;
			sourceTree = "<group>";
		};
		93E72FC9259D715800109C9E = {
			isa = PBXGroup;
			children = (
				9344B36F25B17F2E00AFDC64 /* fonts */,
				93E72FD4259D715800109C9E /* Tadak_design */,
				93E72FD3259D715800109C9E /* Products */,
			);
			sourceTree = "<group>";
		};
		93E72FD3259D715800109C9E /* Products */ = {
			isa = PBXGroup;
			children = (
				93E72FD2259D715800109C9E /* Tadak_design.app */,
			);
			name = Products;
			sourceTree = "<group>";
		};
		93E72FD4259D715800109C9E /* Tadak_design */ = {
			isa = PBXGroup;
			children = (
				93E72FD5259D715800109C9E /* AppDelegate.swift */,
				93E72FDB259D715800109C9E /* Main.storyboard */,
				9386A027259EBC49009F79AE /* RoundButton.swift */,
				93F1228E25A0C3DD001F63A8 /* MyCustomView.swift */,
				93E72FD7259D715800109C9E /* SceneDelegate.swift */,
				93E49BCB25A16CAE00E53712 /* StartViewController.swift */,
				9331206A25AC3A0E009E9760 /* NicknameViewController.swift */,
				937C495325AC391700797DE2 /* PhoneCheckViewController.swift */,
				93E72FD9259D715800109C9E /* MainViewController.swift */,
				93E49BD025A16F2D00E53712 /* SelectViewController.swift */,
				93E49BD425A1700500E53712 /* GameViewController.swift */,
				9337386825A177370041D54B /* ResultViewController.swift */,
				9337386D25A177740041D54B /* ScoreViewController.swift */,
				93E72FDE259D715900109C9E /* Assets.xcassets */,
				93E72FE0259D715900109C9E /* LaunchScreen.storyboard */,
				93E72FE3259D715900109C9E /* Info.plist */,
			);
			path = Tadak_design;
			sourceTree = "<group>";
		};
/* End PBXGroup section */

/* Begin PBXNativeTarget section */
		93E72FD1259D715800109C9E /* Tadak_design */ = {
			isa = PBXNativeTarget;
			buildConfigurationList = 93E72FE6259D715900109C9E /* Build configuration list for PBXNativeTarget "Tadak_design" */;
			buildPhases = (
				93E72FCE259D715800109C9E /* Sources */,
				93E72FCF259D715800109C9E /* Frameworks */,
				93E72FD0259D715800109C9E /* Resources */,
			);
			buildRules = (
			);
			dependencies = (
			);
			name = Tadak_design;
			productName = Tadak_design;
			productReference = 93E72FD2259D715800109C9E /* Tadak_design.app */;
			productType = "com.apple.product-type.application";
		};
/* End PBXNativeTarget section */

/* Begin PBXProject section */
		93E72FCA259D715800109C9E /* Project object */ = {
			isa = PBXProject;
			attributes = {
				LastSwiftUpdateCheck = 1210;
				LastUpgradeCheck = 1210;
				TargetAttributes = {
					93E72FD1259D715800109C9E = {
						CreatedOnToolsVersion = 12.1;
					};
				};
			};
			buildConfigurationList = 93E72FCD259D715800109C9E /* Build configuration list for PBXProject "Tadak_design" */;
			compatibilityVersion = "Xcode 9.3";
			developmentRegion = en;
			hasScannedForEncodings = 0;
			knownRegions = (
				en,
				Base,
			);
			mainGroup = 93E72FC9259D715800109C9E;
			productRefGroup = 93E72FD3259D715800109C9E /* Products */;
			projectDirPath = "";
			projectRoot = "";
			targets = (
				93E72FD1259D715800109C9E /* Tadak_design */,
			);
		};
/* End PBXProject section */

/* Begin PBXResourcesBuildPhase section */
		93E72FD0259D715800109C9E /* Resources */ = {
			isa = PBXResourcesBuildPhase;
			buildActionMask = 2147483647;
			files = (
				93E72FE2259D715900109C9E /* LaunchScreen.storyboard in Resources */,
				9344B38125B17FC900AFDC64 /* NanumSquareRoundEB.ttf in Resources */,
				93E72FDF259D715900109C9E /* Assets.xcassets in Resources */,
				9344B37F25B17FC900AFDC64 /* NanumSquareRoundR.ttf in Resources */,
				93E72FDD259D715800109C9E /* Main.storyboard in Resources */,
				9344B37E25B17FC900AFDC64 /* NanumSquareRoundB.ttf in Resources */,
				9344B38025B17FC900AFDC64 /* NanumSquareRoundL.ttf in Resources */,
			);
			runOnlyForDeploymentPostprocessing = 0;
		};
/* End PBXResourcesBuildPhase section */

/* Begin PBXSourcesBuildPhase section */
		93E72FCE259D715800109C9E /* Sources */ = {
			isa = PBXSourcesBuildPhase;
			buildActionMask = 2147483647;
			files = (
				9331206B25AC3A0E009E9760 /* NicknameViewController.swift in Sources */,
				93E49BD525A1700500E53712 /* GameViewController.swift in Sources */,
				9386A028259EBC49009F79AE /* RoundButton.swift in Sources */,
				93E72FDA259D715800109C9E /* MainViewController.swift in Sources */,
				93E49BD125A16F2D00E53712 /* SelectViewController.swift in Sources */,
				93F1228F25A0C3DD001F63A8 /* MyCustomView.swift in Sources */,
				937C495425AC391700797DE2 /* PhoneCheckViewController.swift in Sources */,
				93E72FD6259D715800109C9E /* AppDelegate.swift in Sources */,
				9337386925A177370041D54B /* ResultViewController.swift in Sources */,
				9337386E25A177740041D54B /* ScoreViewController.swift in Sources */,
				93E49BCC25A16CAE00E53712 /* StartViewController.swift in Sources */,
				93E72FD8259D715800109C9E /* SceneDelegate.swift in Sources */,
			);
			runOnlyForDeploymentPostprocessing = 0;
		};
/* End PBXSourcesBuildPhase section */

/* Begin PBXVariantGroup section */
		93E72FDB259D715800109C9E /* Main.storyboard */ = {
			isa = PBXVariantGroup;
			children = (
				93E72FDC259D715800109C9E /* Base */,
			);
			name = Main.storyboard;
			sourceTree = "<group>";
		};
		93E72FE0259D715900109C9E /* LaunchScreen.storyboard */ = {
			isa = PBXVariantGroup;
			children = (
				93E72FE1259D715900109C9E /* Base */,
			);
			name = LaunchScreen.storyboard;
			sourceTree = "<group>";
		};
/* End PBXVariantGroup section */

/* Begin XCBuildConfiguration section */
		93E72FE4259D715900109C9E /* Debug */ = {
			isa = XCBuildConfiguration;
			buildSettings = {
				ALWAYS_SEARCH_USER_PATHS = NO;
				CLANG_ANALYZER_NONNULL = YES;
				CLANG_ANALYZER_NUMBER_OBJECT_CONVERSION = YES_AGGRESSIVE;
				CLANG_CXX_LANGUAGE_STANDARD = "gnu++14";
				CLANG_CXX_LIBRARY = "libc++";
				CLANG_ENABLE_MODULES = YES;
				CLANG_ENABLE_OBJC_ARC = YES;
				CLANG_ENABLE_OBJC_WEAK = YES;
				CLANG_WARN_BLOCK_CAPTURE_AUTORELEASING = YES;
				CLANG_WARN_BOOL_CONVERSION = YES;
				CLANG_WARN_COMMA = YES;
				CLANG_WARN_CONSTANT_CONVERSION = YES;
				CLANG_WARN_DEPRECATED_OBJC_IMPLEMENTATIONS = YES;
				CLANG_WARN_DIRECT_OBJC_ISA_USAGE = YES_ERROR;
				CLANG_WARN_DOCUMENTATION_COMMENTS = YES;
				CLANG_WARN_EMPTY_BODY = YES;
				CLANG_WARN_ENUM_CONVERSION = YES;
				CLANG_WARN_INFINITE_RECURSION = YES;
				CLANG_WARN_INT_CONVERSION = YES;
				CLANG_WARN_NON_LITERAL_NULL_CONVERSION = YES;
				CLANG_WARN_OBJC_IMPLICIT_RETAIN_SELF = YES;
				CLANG_WARN_OBJC_LITERAL_CONVERSION = YES;
				CLANG_WARN_OBJC_ROOT_CLASS = YES_ERROR;
				CLANG_WARN_QUOTED_INCLUDE_IN_FRAMEWORK_HEADER = YES;
				CLANG_WARN_RANGE_LOOP_ANALYSIS = YES;
				CLANG_WARN_STRICT_PROTOTYPES = YES;
				CLANG_WARN_SUSPICIOUS_MOVE = YES;
				CLANG_WARN_UNGUARDED_AVAILABILITY = YES_AGGRESSIVE;
				CLANG_WARN_UNREACHABLE_CODE = YES;
				CLANG_WARN__DUPLICATE_METHOD_MATCH = YES;
				COPY_PHASE_STRIP = NO;
				DEBUG_INFORMATION_FORMAT = dwarf;
				ENABLE_STRICT_OBJC_MSGSEND = YES;
				ENABLE_TESTABILITY = YES;
				GCC_C_LANGUAGE_STANDARD = gnu11;
				GCC_DYNAMIC_NO_PIC = NO;
				GCC_NO_COMMON_BLOCKS = YES;
				GCC_OPTIMIZATION_LEVEL = 0;
				GCC_PREPROCESSOR_DEFINITIONS = (
					"DEBUG=1",
					"$(inherited)",
				);
				GCC_WARN_64_TO_32_BIT_CONVERSION = YES;
				GCC_WARN_ABOUT_RETURN_TYPE = YES_ERROR;
				GCC_WARN_UNDECLARED_SELECTOR = YES;
				GCC_WARN_UNINITIALIZED_AUTOS = YES_AGGRESSIVE;
				GCC_WARN_UNUSED_FUNCTION = YES;
				GCC_WARN_UNUSED_VARIABLE = YES;
				IPHONEOS_DEPLOYMENT_TARGET = 14.1;
				MTL_ENABLE_DEBUG_INFO = INCLUDE_SOURCE;
				MTL_FAST_MATH = YES;
				ONLY_ACTIVE_ARCH = YES;
				SDKROOT = iphoneos;
				SWIFT_ACTIVE_COMPILATION_CONDITIONS = DEBUG;
				SWIFT_OPTIMIZATION_LEVEL = "-Onone";
			};
			name = Debug;
		};
		93E72FE5259D715900109C9E /* Release */ = {
			isa = XCBuildConfiguration;
			buildSettings = {
				ALWAYS_SEARCH_USER_PATHS = NO;
				CLANG_ANALYZER_NONNULL = YES;
				CLANG_ANALYZER_NUMBER_OBJECT_CONVERSION = YES_AGGRESSIVE;
				CLANG_CXX_LANGUAGE_STANDARD = "gnu++14";
				CLANG_CXX_LIBRARY = "libc++";
				CLANG_ENABLE_MODULES = YES;
				CLANG_ENABLE_OBJC_ARC = YES;
				CLANG_ENABLE_OBJC_WEAK = YES;
				CLANG_WARN_BLOCK_CAPTURE_AUTORELEASING = YES;
				CLANG_WARN_BOOL_CONVERSION = YES;
				CLANG_WARN_COMMA = YES;
				CLANG_WARN_CONSTANT_CONVERSION = YES;
				CLANG_WARN_DEPRECATED_OBJC_IMPLEMENTATIONS = YES;
				CLANG_WARN_DIRECT_OBJC_ISA_USAGE = YES_ERROR;
				CLANG_WARN_DOCUMENTATION_COMMENTS = YES;
				CLANG_WARN_EMPTY_BODY = YES;
				CLANG_WARN_ENUM_CONVERSION = YES;
				CLANG_WARN_INFINITE_RECURSION = YES;
				CLANG_WARN_INT_CONVERSION = YES;
				CLANG_WARN_NON_LITERAL_NULL_CONVERSION = YES;
				CLANG_WARN_OBJC_IMPLICIT_RETAIN_SELF = YES;
				CLANG_WARN_OBJC_LITERAL_CONVERSION = YES;
				CLANG_WARN_OBJC_ROOT_CLASS = YES_ERROR;
				CLANG_WARN_QUOTED_INCLUDE_IN_FRAMEWORK_HEADER = YES;
				CLANG_WARN_RANGE_LOOP_ANALYSIS = YES;
				CLANG_WARN_STRICT_PROTOTYPES = YES;
				CLANG_WARN_SUSPICIOUS_MOVE = YES;
				CLANG_WARN_UNGUARDED_AVAILABILITY = YES_AGGRESSIVE;
				CLANG_WARN_UNREACHABLE_CODE = YES;
				CLANG_WARN__DUPLICATE_METHOD_MATCH = YES;
				COPY_PHASE_STRIP = NO;
				DEBUG_INFORMATION_FORMAT = "dwarf-with-dsym";
				ENABLE_NS_ASSERTIONS = NO;
				ENABLE_STRICT_OBJC_MSGSEND = YES;
				GCC_C_LANGUAGE_STANDARD = gnu11;
				GCC_NO_COMMON_BLOCKS = YES;
				GCC_WARN_64_TO_32_BIT_CONVERSION = YES;
				GCC_WARN_ABOUT_RETURN_TYPE = YES_ERROR;
				GCC_WARN_UNDECLARED_SELECTOR = YES;
				GCC_WARN_UNINITIALIZED_AUTOS = YES_AGGRESSIVE;
				GCC_WARN_UNUSED_FUNCTION = YES;
				GCC_WARN_UNUSED_VARIABLE = YES;
				IPHONEOS_DEPLOYMENT_TARGET = 14.1;
				MTL_ENABLE_DEBUG_INFO = NO;
				MTL_FAST_MATH = YES;
				SDKROOT = iphoneos;
				SWIFT_COMPILATION_MODE = wholemodule;
				SWIFT_OPTIMIZATION_LEVEL = "-O";
				VALIDATE_PRODUCT = YES;
			};
			name = Release;
		};
		93E72FE7259D715900109C9E /* Debug */ = {
			isa = XCBuildConfiguration;
			buildSettings = {
				ASSETCATALOG_COMPILER_APPICON_NAME = AppIcon;
				ASSETCATALOG_COMPILER_GLOBAL_ACCENT_COLOR_NAME = AccentColor;
				CODE_SIGN_STYLE = Automatic;
				DEVELOPMENT_TEAM = 2C96RNDN63;
				INFOPLIST_FILE = Tadak_design/Info.plist;
				IPHONEOS_DEPLOYMENT_TARGET = 13.0;
				LD_RUNPATH_SEARCH_PATHS = (
					"$(inherited)",
					"@executable_path/Frameworks",
				);
				PRODUCT_BUNDLE_IDENTIFIER = "com.fdee.Tadak-design";
				PRODUCT_NAME = "$(TARGET_NAME)";
				SWIFT_VERSION = 5.0;
				TARGETED_DEVICE_FAMILY = "1,2";
			};
			name = Debug;
		};
		93E72FE8259D715900109C9E /* Release */ = {
			isa = XCBuildConfiguration;
			buildSettings = {
				ASSETCATALOG_COMPILER_APPICON_NAME = AppIcon;
				ASSETCATALOG_COMPILER_GLOBAL_ACCENT_COLOR_NAME = AccentColor;
				CODE_SIGN_STYLE = Automatic;
				DEVELOPMENT_TEAM = 2C96RNDN63;
				INFOPLIST_FILE = Tadak_design/Info.plist;
				IPHONEOS_DEPLOYMENT_TARGET = 13.0;
				LD_RUNPATH_SEARCH_PATHS = (
					"$(inherited)",
					"@executable_path/Frameworks",
				);
				PRODUCT_BUNDLE_IDENTIFIER = "com.fdee.Tadak-design";
				PRODUCT_NAME = "$(TARGET_NAME)";
				SWIFT_VERSION = 5.0;
				TARGETED_DEVICE_FAMILY = "1,2";
			};
			name = Release;
		};
/* End XCBuildConfiguration section */

/* Begin XCConfigurationList section */
		93E72FCD259D715800109C9E /* Build configuration list for PBXProject "Tadak_design" */ = {
			isa = XCConfigurationList;
			buildConfigurations = (
				93E72FE4259D715900109C9E /* Debug */,
				93E72FE5259D715900109C9E /* Release */,
			);
			defaultConfigurationIsVisible = 0;
			defaultConfigurationName = Release;
		};
		93E72FE6259D715900109C9E /* Build configuration list for PBXNativeTarget "Tadak_design" */ = {
			isa = XCConfigurationList;
			buildConfigurations = (
				93E72FE7259D715900109C9E /* Debug */,
				93E72FE8259D715900109C9E /* Release */,
			);
			defaultConfigurationIsVisible = 0;
			defaultConfigurationName = Release;
		};
/* End XCConfigurationList section */
	};
	rootObject = 93E72FCA259D715800109C9E /* Project object */;
}
